
Microsoft Visual Studio Solution File, Format Version 12.00
# Visual Studio Version 16
VisualStudioVersion = 16.0.31911.196
MinimumVisualStudioVersion = 10.0.40219.1
Project("{FAE04EC0-301F-11D3-BF4B-00C04F79EFBC}") = "KursLabTRPK", "KursLabTRPK\KursLabTRPK.csproj", "{C30605BB-62BF-40FA-9371-2D2AA71288EE}"
EndProject
Project("{FAE04EC0-301F-11D3-BF4B-00C04F79EFBC}") = "KursLabTRPKTests", "KursLabTRPKTests\KursLabTRPKTests.csproj", "{C21B144C-0D78-4F8D-A599-4186A98AC868}"
EndProject
Global
	GlobalSection(SolutionConfigurationPlatforms) = preSolution
		Debug|Any CPU = Debug|Any CPU
		Release|Any CPU = Release|Any CPU
	EndGlobalSection
	GlobalSection(ProjectConfigurationPlatforms) = postSolution
		{C30605BB-62BF-40FA-9371-2D2AA71288EE}.Debug|Any CPU.ActiveCfg = Debug|Any CPU
		{C30605BB-62BF-40FA-9371-2D2AA71288EE}.Debug|Any CPU.Build.0 = Debug|Any CPU
		{C30605BB-62BF-40FA-9371-2D2AA71288EE}.Release|Any CPU.ActiveCfg = Release|Any CPU
		{C30605BB-62BF-40FA-9371-2D2AA71288EE}.Release|Any CPU.Build.0 = Release|Any CPU
		{C21B144C-0D78-4F8D-A599-4186A98AC868}.Debug|Any CPU.ActiveCfg = Debug|Any CPU
		{C21B144C-0D78-4F8D-A599-4186A98AC868}.Debug|Any CPU.Build.0 = Debug|Any CPU
		{C21B144C-0D78-4F8D-A599-4186A98AC868}.Release|Any CPU.ActiveCfg = Release|Any CPU
		{C21B144C-0D78-4F8D-A599-4186A98AC868}.Release|Any CPU.Build.0 = Release|Any CPU
	EndGlobalSection
	GlobalSection(SolutionProperties) = preSolution
		HideSolutionNode = FALSE
	EndGlobalSection
	GlobalSection(ExtensibilityGlobals) = postSolution
		SolutionGuid = {3927FDD3-1FC8-46C0-936F-25E35A50AB94}
	EndGlobalSection
EndGlobal
